
Microsoft Visual Studio Solution File, Format Version 12.00
# Visual Studio Version 17
VisualStudioVersion = 17.7.34031.279
MinimumVisualStudioVersion = 10.0.40219.1
Project("{FAE04EC0-301F-11D3-BF4B-00C04F79EFBC}") = "NewsVowel", "NewsVowel\NewsVowel.csproj", "{9BB64CA5-9BA6-4455-8FCA-20D05EF46097}"
EndProject
Project("{FAE04EC0-301F-11D3-BF4B-00C04F79EFBC}") = "NewsVowel.Test", "NewsVowel.Test\NewsVowel.Test.csproj", "{3B4D3DD9-F7F5-44F4-B757-5BD9F75C045D}"
EndProject
Global
	GlobalSection(SolutionConfigurationPlatforms) = preSolution
		Debug|Any CPU = Debug|Any CPU
		Release|Any CPU = Release|Any CPU
	EndGlobalSection
	GlobalSection(ProjectConfigurationPlatforms) = postSolution
		{9BB64CA5-9BA6-4455-8FCA-20D05EF46097}.Debug|Any CPU.ActiveCfg = Debug|Any CPU
		{9BB64CA5-9BA6-4455-8FCA-20D05EF46097}.Debug|Any CPU.Build.0 = Debug|Any CPU
		{9BB64CA5-9BA6-4455-8FCA-20D05EF46097}.Release|Any CPU.ActiveCfg = Release|Any CPU
		{9BB64CA5-9BA6-4455-8FCA-20D05EF46097}.Release|Any CPU.Build.0 = Release|Any CPU
		{3B4D3DD9-F7F5-44F4-B757-5BD9F75C045D}.Debug|Any CPU.ActiveCfg = Debug|Any CPU
		{3B4D3DD9-F7F5-44F4-B757-5BD9F75C045D}.Debug|Any CPU.Build.0 = Debug|Any CPU
		{3B4D3DD9-F7F5-44F4-B757-5BD9F75C045D}.Release|Any CPU.ActiveCfg = Release|Any CPU
		{3B4D3DD9-F7F5-44F4-B757-5BD9F75C045D}.Release|Any CPU.Build.0 = Release|Any CPU
	EndGlobalSection
	GlobalSection(SolutionProperties) = preSolution
		HideSolutionNode = FALSE
	EndGlobalSection
	GlobalSection(ExtensibilityGlobals) = postSolution
		SolutionGuid = {41340DE7-8888-4010-9C29-51F7A8DE502A}
	EndGlobalSection
EndGlobal
